
Microsoft Visual Studio Solution File, Format Version 12.00
# Visual Studio 2012
Project("{FAE04EC0-301F-11D3-BF4B-00C04F79EFBC}") = "StatusMonitorApplication", "StatusMonitorApplication\StatusMonitorApplication.csproj", "{57579A1A-9758-4FD3-A223-7C3C0C5FA81F}"
EndProject
Project("{FAE04EC0-301F-11D3-BF4B-00C04F79EFBC}") = "StatusMonitorApplication.Tests", "StatusMonitorApplication.Tests\StatusMonitorApplication.Tests.csproj", "{CDC2494B-D37C-4408-8852-E9B5567E4345}"
EndProject
Global
	GlobalSection(SolutionConfigurationPlatforms) = preSolution
		Debug|Any CPU = Debug|Any CPU
		Release|Any CPU = Release|Any CPU
	EndGlobalSection
	GlobalSection(ProjectConfigurationPlatforms) = postSolution
		{57579A1A-9758-4FD3-A223-7C3C0C5FA81F}.Debug|Any CPU.ActiveCfg = Debug|Any CPU
		{57579A1A-9758-4FD3-A223-7C3C0C5FA81F}.Debug|Any CPU.Build.0 = Debug|Any CPU
		{57579A1A-9758-4FD3-A223-7C3C0C5FA81F}.Release|Any CPU.ActiveCfg = Release|Any CPU
		{57579A1A-9758-4FD3-A223-7C3C0C5FA81F}.Release|Any CPU.Build.0 = Release|Any CPU
		{CDC2494B-D37C-4408-8852-E9B5567E4345}.Debug|Any CPU.ActiveCfg = Debug|Any CPU
		{CDC2494B-D37C-4408-8852-E9B5567E4345}.Debug|Any CPU.Build.0 = Debug|Any CPU
		{CDC2494B-D37C-4408-8852-E9B5567E4345}.Release|Any CPU.ActiveCfg = Release|Any CPU
		{CDC2494B-D37C-4408-8852-E9B5567E4345}.Release|Any CPU.Build.0 = Release|Any CPU
	EndGlobalSection
	GlobalSection(SolutionProperties) = preSolution
		HideSolutionNode = FALSE
	EndGlobalSection
EndGlobal
